
Microsoft Visual Studio Solution File, Format Version 12.00
# Visual Studio Version 16
VisualStudioVersion = 16.0.30804.86
MinimumVisualStudioVersion = 10.0.40219.1
Project("{FAE04EC0-301F-11D3-BF4B-00C04F79EFBC}") = "BACnet", "BACnet.csproj", "{E53EAD2A-F57E-4CFE-AACD-64913BEE47EF}"
EndProject
Global
	GlobalSection(SolutionConfigurationPlatforms) = preSolution
		Debug|Any CPU = Debug|Any CPU
		Release|Any CPU = Release|Any CPU
	EndGlobalSection
	GlobalSection(ProjectConfigurationPlatforms) = postSolution
		{E53EAD2A-F57E-4CFE-AACD-64913BEE47EF}.Debug|Any CPU.ActiveCfg = Debug|Any CPU
		{E53EAD2A-F57E-4CFE-AACD-64913BEE47EF}.Debug|Any CPU.Build.0 = Debug|Any CPU
		{E53EAD2A-F57E-4CFE-AACD-64913BEE47EF}.Release|Any CPU.ActiveCfg = Release|Any CPU
		{E53EAD2A-F57E-4CFE-AACD-64913BEE47EF}.Release|Any CPU.Build.0 = Release|Any CPU
	EndGlobalSection
	GlobalSection(SolutionProperties) = preSolution
		HideSolutionNode = FALSE
	EndGlobalSection
	GlobalSection(ExtensibilityGlobals) = postSolution
		SolutionGuid = {0C39F8B9-DBDF-45A7-B1CA-87BF0D7A60B0}
	EndGlobalSection
EndGlobal
